
Microsoft Visual Studio Solution File, Format Version 12.00
# Visual Studio Version 16
VisualStudioVersion = 16.0.31402.337
MinimumVisualStudioVersion = 10.0.40219.1
Project("{9A19103F-16F7-4668-BE54-9A1E7A4F7556}") = "Luger", "Luger\Luger.csproj", "{DADFC388-00E8-438F-8D0D-AF44333F5A81}"
EndProject
Global
	GlobalSection(SolutionConfigurationPlatforms) = preSolution
		Debug|Any CPU = Debug|Any CPU
		Release|Any CPU = Release|Any CPU
	EndGlobalSection
	GlobalSection(ProjectConfigurationPlatforms) = postSolution
		{DADFC388-00E8-438F-8D0D-AF44333F5A81}.Debug|Any CPU.ActiveCfg = Debug|Any CPU
		{DADFC388-00E8-438F-8D0D-AF44333F5A81}.Debug|Any CPU.Build.0 = Debug|Any CPU
		{DADFC388-00E8-438F-8D0D-AF44333F5A81}.Release|Any CPU.ActiveCfg = Release|Any CPU
		{DADFC388-00E8-438F-8D0D-AF44333F5A81}.Release|Any CPU.Build.0 = Release|Any CPU
	EndGlobalSection
	GlobalSection(SolutionProperties) = preSolution
		HideSolutionNode = FALSE
	EndGlobalSection
	GlobalSection(ExtensibilityGlobals) = postSolution
		SolutionGuid = {68340A31-5D6F-4432-9E28-8ADB3223A9CE}
	EndGlobalSection
EndGlobal
